
Microsoft Visual Studio Solution File, Format Version 12.00
# Visual Studio Version 16
VisualStudioVersion = 16.0.31702.278
MinimumVisualStudioVersion = 10.0.40219.1
Project("{FAE04EC0-301F-11D3-BF4B-00C04F79EFBC}") = "TrabalhoPratico", "TrabalhoSuperHyperMegaBom4K\TrabalhoPratico.csproj", "{4F77B80D-6EEC-4400-A22D-4DC2F14B51BD}"
EndProject
Global
	GlobalSection(SolutionConfigurationPlatforms) = preSolution
		Debug|Any CPU = Debug|Any CPU
		Release|Any CPU = Release|Any CPU
	EndGlobalSection
	GlobalSection(ProjectConfigurationPlatforms) = postSolution
		{4F77B80D-6EEC-4400-A22D-4DC2F14B51BD}.Debug|Any CPU.ActiveCfg = Debug|Any CPU
		{4F77B80D-6EEC-4400-A22D-4DC2F14B51BD}.Debug|Any CPU.Build.0 = Debug|Any CPU
		{4F77B80D-6EEC-4400-A22D-4DC2F14B51BD}.Release|Any CPU.ActiveCfg = Release|Any CPU
		{4F77B80D-6EEC-4400-A22D-4DC2F14B51BD}.Release|Any CPU.Build.0 = Release|Any CPU
	EndGlobalSection
	GlobalSection(SolutionProperties) = preSolution
		HideSolutionNode = FALSE
	EndGlobalSection
	GlobalSection(ExtensibilityGlobals) = postSolution
		SolutionGuid = {7AF408CE-0F0B-4AC2-A657-6BF99F6DF1DB}
	EndGlobalSection
EndGlobal
